
Microsoft Visual Studio Solution File, Format Version 12.00
# Visual Studio 2013
VisualStudioVersion = 12.0.31101.0
MinimumVisualStudioVersion = 10.0.40219.1
Project("{FAE04EC0-301F-11D3-BF4B-00C04F79EFBC}") = "01.OddOrEvenIntegers", "01.OddOrEvenIntegers\01.OddOrEvenIntegers.csproj", "{4FF5EAE1-BF2D-4223-B849-79A04BE18DE1}"
EndProject
Project("{FAE04EC0-301F-11D3-BF4B-00C04F79EFBC}") = "02.GravitationOnTheMoon", "02.GravitationOnTheMoon\02.GravitationOnTheMoon.csproj", "{2BCCDBB2-CBF7-4EE3-8F2B-103842AB804B}"
EndProject
Project("{FAE04EC0-301F-11D3-BF4B-00C04F79EFBC}") = "03.DivideBy7And5", "03.DivideBy7And5\03.DivideBy7And5.csproj", "{CCBA9FEF-DEAD-46F2-A6CE-EF389599A7B3}"
EndProject
Project("{FAE04EC0-301F-11D3-BF4B-00C04F79EFBC}") = "04.Rectangles", "04.Rectangles\04.Rectangles.csproj", "{374A977F-7C91-4144-B6DB-1B5D4BBAB441}"
EndProject
Project("{FAE04EC0-301F-11D3-BF4B-00C04F79EFBC}") = "05.ThirdDigitIs7", "05.ThirdDigitIs7\05.ThirdDigitIs7.csproj", "{A646901D-7FBE-42E3-9D4D-8808A424E9E6}"
EndProject
Project("{FAE04EC0-301F-11D3-BF4B-00C04F79EFBC}") = "06.FourDigitNumber", "06.FourDigitNumber\06.FourDigitNumber.csproj", "{D62D8768-AE20-4CAE-AB3C-BA7ED89BD12B}"
EndProject
Project("{FAE04EC0-301F-11D3-BF4B-00C04F79EFBC}") = "07.PointInACircle", "07.PointInACircle\07.PointInACircle.csproj", "{5CAA0104-3829-47B3-B747-70153B9991A6}"
EndProject
Project("{FAE04EC0-301F-11D3-BF4B-00C04F79EFBC}") = "08.PrimeNumberCheck", "08.PrimeNumberCheck\08.PrimeNumberCheck.csproj", "{F37676EB-D9F9-4F00-987A-07113E8C200E}"
EndProject
Project("{FAE04EC0-301F-11D3-BF4B-00C04F79EFBC}") = "09.Trapezoids", "09.Trapezoids\09.Trapezoids.csproj", "{B060B05D-2FAE-433E-9344-EE700821AB83}"
EndProject
Project("{FAE04EC0-301F-11D3-BF4B-00C04F79EFBC}") = "10.PointInCircleOutOfRectangle", "10.PointInCircleOutOfRectangle\10.PointInCircleOutOfRectangle.csproj", "{E1B60CFD-B1F7-469D-BC5F-C2667B150C80}"
EndProject
Project("{FAE04EC0-301F-11D3-BF4B-00C04F79EFBC}") = "11.BitwiseExtractTheThirdBit", "11.BitwiseExtractTheThirdBit\11.BitwiseExtractTheThirdBit.csproj", "{0115E165-C9D0-40A3-A5BB-930A62993EEA}"
EndProject
Project("{FAE04EC0-301F-11D3-BF4B-00C04F79EFBC}") = "12.ExtractBitFromInteger", "12.ExtractBitFromInteger\12.ExtractBitFromInteger.csproj", "{E735D84C-0585-4957-8710-B1957F796F46}"
EndProject
Project("{FAE04EC0-301F-11D3-BF4B-00C04F79EFBC}") = "13.CheckABitAtGivenPosition", "13.CheckABitAtGivenPosition\13.CheckABitAtGivenPosition.csproj", "{14195932-BA80-456B-97CC-DFA7AB3AD7AF}"
EndProject
Project("{FAE04EC0-301F-11D3-BF4B-00C04F79EFBC}") = "14.ModifyABitAtGivenPosition", "14.ModifyABitAtGivenPosition\14.ModifyABitAtGivenPosition.csproj", "{BAE614D2-0E22-4DBA-B9BB-B283A70BCC13}"
EndProject
Project("{FAE04EC0-301F-11D3-BF4B-00C04F79EFBC}") = "15.BitsExchange", "15.BitsExchange\15.BitsExchange.csproj", "{2B21AC1C-6760-4163-B18D-D81EBD8145EB}"
EndProject
Project("{FAE04EC0-301F-11D3-BF4B-00C04F79EFBC}") = "16.BitExchange_Advanced", "16.BitExchange_Advanced\16.BitExchange_Advanced.csproj", "{90CAE3D0-C599-41BF-8F91-30968177D0D5}"
EndProject
Global
	GlobalSection(SolutionConfigurationPlatforms) = preSolution
		Debug|Any CPU = Debug|Any CPU
		Release|Any CPU = Release|Any CPU
	EndGlobalSection
	GlobalSection(ProjectConfigurationPlatforms) = postSolution
		{4FF5EAE1-BF2D-4223-B849-79A04BE18DE1}.Debug|Any CPU.ActiveCfg = Debug|Any CPU
		{4FF5EAE1-BF2D-4223-B849-79A04BE18DE1}.Debug|Any CPU.Build.0 = Debug|Any CPU
		{4FF5EAE1-BF2D-4223-B849-79A04BE18DE1}.Release|Any CPU.ActiveCfg = Release|Any CPU
		{4FF5EAE1-BF2D-4223-B849-79A04BE18DE1}.Release|Any CPU.Build.0 = Release|Any CPU
		{2BCCDBB2-CBF7-4EE3-8F2B-103842AB804B}.Debug|Any CPU.ActiveCfg = Debug|Any CPU
		{2BCCDBB2-CBF7-4EE3-8F2B-103842AB804B}.Debug|Any CPU.Build.0 = Debug|Any CPU
		{2BCCDBB2-CBF7-4EE3-8F2B-103842AB804B}.Release|Any CPU.ActiveCfg = Release|Any CPU
		{2BCCDBB2-CBF7-4EE3-8F2B-103842AB804B}.Release|Any CPU.Build.0 = Release|Any CPU
		{CCBA9FEF-DEAD-46F2-A6CE-EF389599A7B3}.Debug|Any CPU.ActiveCfg = Debug|Any CPU
		{CCBA9FEF-DEAD-46F2-A6CE-EF389599A7B3}.Debug|Any CPU.Build.0 = Debug|Any CPU
		{CCBA9FEF-DEAD-46F2-A6CE-EF389599A7B3}.Release|Any CPU.ActiveCfg = Release|Any CPU
		{CCBA9FEF-DEAD-46F2-A6CE-EF389599A7B3}.Release|Any CPU.Build.0 = Release|Any CPU
		{374A977F-7C91-4144-B6DB-1B5D4BBAB441}.Debug|Any CPU.ActiveCfg = Debug|Any CPU
		{374A977F-7C91-4144-B6DB-1B5D4BBAB441}.Debug|Any CPU.Build.0 = Debug|Any CPU
		{374A977F-7C91-4144-B6DB-1B5D4BBAB441}.Release|Any CPU.ActiveCfg = Release|Any CPU
		{374A977F-7C91-4144-B6DB-1B5D4BBAB441}.Release|Any CPU.Build.0 = Release|Any CPU
		{A646901D-7FBE-42E3-9D4D-8808A424E9E6}.Debug|Any CPU.ActiveCfg = Debug|Any CPU
		{A646901D-7FBE-42E3-9D4D-8808A424E9E6}.Debug|Any CPU.Build.0 = Debug|Any CPU
		{A646901D-7FBE-42E3-9D4D-8808A424E9E6}.Release|Any CPU.ActiveCfg = Release|Any CPU
		{A646901D-7FBE-42E3-9D4D-8808A424E9E6}.Release|Any CPU.Build.0 = Release|Any CPU
		{D62D8768-AE20-4CAE-AB3C-BA7ED89BD12B}.Debug|Any CPU.ActiveCfg = Debug|Any CPU
		{D62D8768-AE20-4CAE-AB3C-BA7ED89BD12B}.Debug|Any CPU.Build.0 = Debug|Any CPU
		{D62D8768-AE20-4CAE-AB3C-BA7ED89BD12B}.Release|Any CPU.ActiveCfg = Release|Any CPU
		{D62D8768-AE20-4CAE-AB3C-BA7ED89BD12B}.Release|Any CPU.Build.0 = Release|Any CPU
		{5CAA0104-3829-47B3-B747-70153B9991A6}.Debug|Any CPU.ActiveCfg = Debug|Any CPU
		{5CAA0104-3829-47B3-B747-70153B9991A6}.Debug|Any CPU.Build.0 = Debug|Any CPU
		{5CAA0104-3829-47B3-B747-70153B9991A6}.Release|Any CPU.ActiveCfg = Release|Any CPU
		{5CAA0104-3829-47B3-B747-70153B9991A6}.Release|Any CPU.Build.0 = Release|Any CPU
		{F37676EB-D9F9-4F00-987A-07113E8C200E}.Debug|Any CPU.ActiveCfg = Debug|Any CPU
		{F37676EB-D9F9-4F00-987A-07113E8C200E}.Debug|Any CPU.Build.0 = Debug|Any CPU
		{F37676EB-D9F9-4F00-987A-07113E8C200E}.Release|Any CPU.ActiveCfg = Release|Any CPU
		{F37676EB-D9F9-4F00-987A-07113E8C200E}.Release|Any CPU.Build.0 = Release|Any CPU
		{B060B05D-2FAE-433E-9344-EE700821AB83}.Debug|Any CPU.ActiveCfg = Debug|Any CPU
		{B060B05D-2FAE-433E-9344-EE700821AB83}.Debug|Any CPU.Build.0 = Debug|Any CPU
		{B060B05D-2FAE-433E-9344-EE700821AB83}.Release|Any CPU.ActiveCfg = Release|Any CPU
		{B060B05D-2FAE-433E-9344-EE700821AB83}.Release|Any CPU.Build.0 = Release|Any CPU
		{E1B60CFD-B1F7-469D-BC5F-C2667B150C80}.Debug|Any CPU.ActiveCfg = Debug|Any CPU
		{E1B60CFD-B1F7-469D-BC5F-C2667B150C80}.Debug|Any CPU.Build.0 = Debug|Any CPU
		{E1B60CFD-B1F7-469D-BC5F-C2667B150C80}.Release|Any CPU.ActiveCfg = Release|Any CPU
		{E1B60CFD-B1F7-469D-BC5F-C2667B150C80}.Release|Any CPU.Build.0 = Release|Any CPU
		{0115E165-C9D0-40A3-A5BB-930A62993EEA}.Debug|Any CPU.ActiveCfg = Debug|Any CPU
		{0115E165-C9D0-40A3-A5BB-930A62993EEA}.Debug|Any CPU.Build.0 = Debug|Any CPU
		{0115E165-C9D0-40A3-A5BB-930A62993EEA}.Release|Any CPU.ActiveCfg = Release|Any CPU
		{0115E165-C9D0-40A3-A5BB-930A62993EEA}.Release|Any CPU.Build.0 = Release|Any CPU
		{E735D84C-0585-4957-8710-B1957F796F46}.Debug|Any CPU.ActiveCfg = Debug|Any CPU
		{E735D84C-0585-4957-8710-B1957F796F46}.Debug|Any CPU.Build.0 = Debug|Any CPU
		{E735D84C-0585-4957-8710-B1957F796F46}.Release|Any CPU.ActiveCfg = Release|Any CPU
		{E735D84C-0585-4957-8710-B1957F796F46}.Release|Any CPU.Build.0 = Release|Any CPU
		{14195932-BA80-456B-97CC-DFA7AB3AD7AF}.Debug|Any CPU.ActiveCfg = Debug|Any CPU
		{14195932-BA80-456B-97CC-DFA7AB3AD7AF}.Debug|Any CPU.Build.0 = Debug|Any CPU
		{14195932-BA80-456B-97CC-DFA7AB3AD7AF}.Release|Any CPU.ActiveCfg = Release|Any CPU
		{14195932-BA80-456B-97CC-DFA7AB3AD7AF}.Release|Any CPU.Build.0 = Release|Any CPU
		{BAE614D2-0E22-4DBA-B9BB-B283A70BCC13}.Debug|Any CPU.ActiveCfg = Debug|Any CPU
		{BAE614D2-0E22-4DBA-B9BB-B283A70BCC13}.Debug|Any CPU.Build.0 = Debug|Any CPU
		{BAE614D2-0E22-4DBA-B9BB-B283A70BCC13}.Release|Any CPU.ActiveCfg = Release|Any CPU
		{BAE614D2-0E22-4DBA-B9BB-B283A70BCC13}.Release|Any CPU.Build.0 = Release|Any CPU
		{2B21AC1C-6760-4163-B18D-D81EBD8145EB}.Debug|Any CPU.ActiveCfg = Debug|Any CPU
		{2B21AC1C-6760-4163-B18D-D81EBD8145EB}.Debug|Any CPU.Build.0 = Debug|Any CPU
		{2B21AC1C-6760-4163-B18D-D81EBD8145EB}.Release|Any CPU.ActiveCfg = Release|Any CPU
		{2B21AC1C-6760-4163-B18D-D81EBD8145EB}.Release|Any CPU.Build.0 = Release|Any CPU
		{90CAE3D0-C599-41BF-8F91-30968177D0D5}.Debug|Any CPU.ActiveCfg = Debug|Any CPU
		{90CAE3D0-C599-41BF-8F91-30968177D0D5}.Debug|Any CPU.Build.0 = Debug|Any CPU
		{90CAE3D0-C599-41BF-8F91-30968177D0D5}.Release|Any CPU.ActiveCfg = Release|Any CPU
		{90CAE3D0-C599-41BF-8F91-30968177D0D5}.Release|Any CPU.Build.0 = Release|Any CPU
	EndGlobalSection
	GlobalSection(SolutionProperties) = preSolution
		HideSolutionNode = FALSE
	EndGlobalSection
EndGlobal
